{
    "_readme": [
        "This file locks the dependencies of your project to a known state",
        "Read more about it at https://getcomposer.org/doc/01-basic-usage.md#installing-dependencies",
        "This file is @generated automatically"
    ],
    "content-hash": "0b07932ec9cc035639d3e57292058908",
    "packages": [
        {
            "name": "bsexception/dev",
            "version": "v2.3",
            "source": {
                "type": "git",
                "url": "https://github.com/khiphop/composer_error_test.git",
                "reference": "df7a907199776cd5ca4881971ee3182c3e75929f"
            },
            "dist": {
                "type": "zip",
                "url": "https://api.github.com/repos/khiphop/composer_error_test/zipball/df7a907199776cd5ca4881971ee3182c3e75929f",
                "reference": "df7a907199776cd5ca4881971ee3182c3e75929f",
                "shasum": "",
                "mirrors": [
                    {
                        "url": "https://mirrors.aliyun.com/composer/dists/%package%/%reference%.%type%",
                        "preferred": true
                    }
                ]
            },
            "type": "l",
            "autoload": {
                "psr-4": {
                    "Bsexception\\Dev\\": ""
                }
            },
            "notification-url": "https://packagist.org/downloads/",
            "authors": [
                {
                    "name": "zhangbb",
                    "email": "854641898@qq.com"
                }
            ],
            "description": "error catch",
            "time": "2021-01-06T07:05:50+00:00"
        }
    ],
    "packages-dev": [],
    "aliases": [],
    "minimum-stability": "stable",
    "stability-flags": [],
    "prefer-stable": false,
    "prefer-lowest": false,
    "platform": [],
    "platform-dev": [],
    "plugin-api-version": "1.1.0"
}
